schema: '2.0'
stages:
  training:
    cmd: uv run main.py
    deps:
    - path: data_harvesting/actor.py
      hash: md5
      md5: 1d537a3918205f58c98d469896fb6d64
      size: 3159
    - path: data_harvesting/collector.py
      hash: md5
      md5: 75b16574dce31135e32019bedbe9f974
      size: 4246
    - path: data_harvesting/critic.py
      hash: md5
      md5: 3a65dc8bac8521205cd1a67e704fab5c
      size: 1625
    - path: data_harvesting/environment.py
      hash: md5
      md5: 6f15c9459bc90067360aea7114875944
      size: 30521
    - path: data_harvesting/optimization.py
      hash: md5
      md5: 357316fa1dfe28f300d09c037c18f147
      size: 2216
    - path: data_harvesting/replay.py
      hash: md5
      md5: 50546dab4cd65244e9ea32246c46423f
      size: 987
    - path: main.py
      hash: md5
      md5: 78f3e087292482955504852f1afb92b6
      size: 4934
