schema: '2.0'
stages:
  training:
    cmd: uv run main.py
    deps:
    - path: data_harvesting/actor.py
      hash: md5
      md5: 882181fb1fa069c71ecedac364328511
      size: 5099
    - path: data_harvesting/collector.py
      hash: md5
      md5: 9cd2bee87946c97d9ce6dbd83ba1faf1
      size: 4236
    - path: data_harvesting/critic.py
      hash: md5
      md5: 68957e7d1a89a675173715ac9ec0e82d
      size: 2541
    - path: data_harvesting/environment.py
      hash: md5
      md5: d6ff1e3ca2f062cead0206dec80165d7
      size: 31873
    - path: data_harvesting/metrics.py
      hash: md5
      md5: a2cbc2056f30e1f81654b0bbdf77b3d9
      size: 4387
    - path: data_harvesting/optimization.py
      hash: md5
      md5: 4a5440b1498c0746ebf9bb04c98173a8
      size: 3995
    - path: data_harvesting/replay.py
      hash: md5
      md5: 4bc656584da5d6b8ec43954b8f39e93c
      size: 963
    - path: main.py
      hash: md5
      md5: 79e84e7e0bce6d2121906c230f794b03
      size: 2327
